
Microsoft Visual Studio Solution File, Format Version 12.00
# Visual Studio Version 17
VisualStudioVersion = 17.8.34525.116
MinimumVisualStudioVersion = 10.0.40219.1
Project("{FAE04EC0-301F-11D3-BF4B-00C04F79EFBC}") = "CSharpEgitimKampi301.EntityLayer", "CSharpEgitimKampi301.EntityLayer\CSharpEgitimKampi301.EntityLayer.csproj", "{C49EB028-37CA-4495-9A94-433723100239}"
EndProject
Project("{FAE04EC0-301F-11D3-BF4B-00C04F79EFBC}") = "CSharpEgitimKampi301.DataAccessLayer", "ClassLibrary1CSharpEgitimKampi301.DataAccessLayer\CSharpEgitimKampi301.DataAccessLayer.csproj", "{B206318C-D3C8-4C8B-96A8-245D1D6E43B5}"
EndProject
Project("{FAE04EC0-301F-11D3-BF4B-00C04F79EFBC}") = "CSharpEgitimKampi301.BusinessLayer", "CSharpEgitimKampi301.BusinessLayer\CSharpEgitimKampi301.BusinessLayer.csproj", "{15052203-5BE7-4800-AB7A-F184078BF850}"
EndProject
Project("{FAE04EC0-301F-11D3-BF4B-00C04F79EFBC}") = "CSharpEgitimKampi301.PresentationLayer", "CSharpEgitimKampi301.PresentationLayer\CSharpEgitimKampi301.PresentationLayer.csproj", "{91677EA6-9CC2-4523-BF07-EEADB7C32147}"
EndProject
Project("{FAE04EC0-301F-11D3-BF4B-00C04F79EFBC}") = "CSharpEgitimKampi301.EFProject", "CSharpEgitimKampi301.EFProject\CSharpEgitimKampi301.EFProject.csproj", "{4E5C8D5A-DEC1-43FC-9FB8-A853AD19E056}"
EndProject
Global
	GlobalSection(SolutionConfigurationPlatforms) = preSolution
		Debug|Any CPU = Debug|Any CPU
		Release|Any CPU = Release|Any CPU
	EndGlobalSection
	GlobalSection(ProjectConfigurationPlatforms) = postSolution
		{C49EB028-37CA-4495-9A94-433723100239}.Debug|Any CPU.ActiveCfg = Debug|Any CPU
		{C49EB028-37CA-4495-9A94-433723100239}.Debug|Any CPU.Build.0 = Debug|Any CPU
		{C49EB028-37CA-4495-9A94-433723100239}.Release|Any CPU.ActiveCfg = Release|Any CPU
		{C49EB028-37CA-4495-9A94-433723100239}.Release|Any CPU.Build.0 = Release|Any CPU
		{B206318C-D3C8-4C8B-96A8-245D1D6E43B5}.Debug|Any CPU.ActiveCfg = Debug|Any CPU
		{B206318C-D3C8-4C8B-96A8-245D1D6E43B5}.Debug|Any CPU.Build.0 = Debug|Any CPU
		{B206318C-D3C8-4C8B-96A8-245D1D6E43B5}.Release|Any CPU.ActiveCfg = Release|Any CPU
		{B206318C-D3C8-4C8B-96A8-245D1D6E43B5}.Release|Any CPU.Build.0 = Release|Any CPU
		{15052203-5BE7-4800-AB7A-F184078BF850}.Debug|Any CPU.ActiveCfg = Debug|Any CPU
		{15052203-5BE7-4800-AB7A-F184078BF850}.Debug|Any CPU.Build.0 = Debug|Any CPU
		{15052203-5BE7-4800-AB7A-F184078BF850}.Release|Any CPU.ActiveCfg = Release|Any CPU
		{15052203-5BE7-4800-AB7A-F184078BF850}.Release|Any CPU.Build.0 = Release|Any CPU
		{91677EA6-9CC2-4523-BF07-EEADB7C32147}.Debug|Any CPU.ActiveCfg = Debug|Any CPU
		{91677EA6-9CC2-4523-BF07-EEADB7C32147}.Debug|Any CPU.Build.0 = Debug|Any CPU
		{91677EA6-9CC2-4523-BF07-EEADB7C32147}.Release|Any CPU.ActiveCfg = Release|Any CPU
		{91677EA6-9CC2-4523-BF07-EEADB7C32147}.Release|Any CPU.Build.0 = Release|Any CPU
		{4E5C8D5A-DEC1-43FC-9FB8-A853AD19E056}.Debug|Any CPU.ActiveCfg = Debug|Any CPU
		{4E5C8D5A-DEC1-43FC-9FB8-A853AD19E056}.Debug|Any CPU.Build.0 = Debug|Any CPU
		{4E5C8D5A-DEC1-43FC-9FB8-A853AD19E056}.Release|Any CPU.ActiveCfg = Release|Any CPU
		{4E5C8D5A-DEC1-43FC-9FB8-A853AD19E056}.Release|Any CPU.Build.0 = Release|Any CPU
	EndGlobalSection
	GlobalSection(SolutionProperties) = preSolution
		HideSolutionNode = FALSE
	EndGlobalSection
	GlobalSection(ExtensibilityGlobals) = postSolution
		SolutionGuid = {C2C14B56-B581-4DD7-8B6D-A076CB15B711}
	EndGlobalSection
EndGlobal
